
Microsoft Visual Studio Solution File, Format Version 12.00
# Visual Studio 14
VisualStudioVersion = 14.0.25420.1
MinimumVisualStudioVersion = 10.0.40219.1
Project("{2150E333-8FDC-42A3-9474-1A3956D46DE8}") = "01.创建型模式", "01.创建型模式", "{DB03D451-F9C1-4D58-9363-079772FC7679}"
EndProject
Project("{2150E333-8FDC-42A3-9474-1A3956D46DE8}") = "02.结构型模式", "02.结构型模式", "{192DD524-99CA-4D70-8281-309CE1459F81}"
EndProject
Project("{2150E333-8FDC-42A3-9474-1A3956D46DE8}") = "03.行为型模式", "03.行为型模式", "{D501C070-E714-4EC8-9F16-9D717C7464B4}"
EndProject
Project("{FAE04EC0-301F-11D3-BF4B-00C04F79EFBC}") = "EDC.DesignPattern.Singleton", "EDC.DesignPattern.Singleton\EDC.DesignPattern.Singleton.csproj", "{6952EC7B-598F-4F3B-86A7-DD7955DFA503}"
EndProject
Project("{FAE04EC0-301F-11D3-BF4B-00C04F79EFBC}") = "EDC.DesignPattern.SimpleFactory", "EDC.DesignPattern.SimpleFactory\EDC.DesignPattern.SimpleFactory.csproj", "{4D75C9CA-3513-447F-8686-D2FBC00E212F}"
EndProject
Project("{FAE04EC0-301F-11D3-BF4B-00C04F79EFBC}") = "EDC.DesignPattern.FactoryMethod", "EDC.DesignPattern.FactoryMethod\EDC.DesignPattern.FactoryMethod.csproj", "{CEDF3F69-12FC-428D-82AB-3E67E0F8DDF7}"
EndProject
Project("{FAE04EC0-301F-11D3-BF4B-00C04F79EFBC}") = "EDC.DesignPattern.AbstractFactory", "EDC.DesignPattern.AbstractFactory\EDC.DesignPattern.AbstractFactory.csproj", "{13BF0335-5802-44B9-87E1-1780E7585BED}"
EndProject
Project("{FAE04EC0-301F-11D3-BF4B-00C04F79EFBC}") = "EDC.DesignPattern.Prototype", "EDC.DesignPattern.Prototype\EDC.DesignPattern.Prototype.csproj", "{C58CA655-ECE9-43EF-B283-74020830C691}"
EndProject
Project("{FAE04EC0-301F-11D3-BF4B-00C04F79EFBC}") = "EDC.DesignPattern.Builder", "EDC.DesignPattern.Builder\EDC.DesignPattern.Builder.csproj", "{27CD2FAC-453C-42AD-8917-41EE3A2C7C4C}"
EndProject
Project("{FAE04EC0-301F-11D3-BF4B-00C04F79EFBC}") = "EDC.DesignPattern.Adapter", "EDC.DesignPattern.Adapter\EDC.DesignPattern.Adapter.csproj", "{0D7C66BA-A283-462F-8CD0-605A1401EA28}"
EndProject
Project("{FAE04EC0-301F-11D3-BF4B-00C04F79EFBC}") = "EDC.DesignPattern.Bridge", "EDC.DesignPattern.Bridge\EDC.DesignPattern.Bridge.csproj", "{464F6DC5-4119-449E-AFC8-AD32C19599B0}"
EndProject
Project("{FAE04EC0-301F-11D3-BF4B-00C04F79EFBC}") = "EDC.DesignPattern.Composite", "EDC.DesignPattern.Composite\EDC.DesignPattern.Composite.csproj", "{00415199-8CFC-40D2-BD2B-F6A20AE95AA3}"
EndProject
Project("{FAE04EC0-301F-11D3-BF4B-00C04F79EFBC}") = "EDC.DesignPattern.ChainOfResponsibility", "EDC.DesignPattern.ChainOfResponsibility\EDC.DesignPattern.ChainOfResponsibility.csproj", "{836EF3A0-4031-4E50-A090-18223D7CC64F}"
EndProject
Project("{FAE04EC0-301F-11D3-BF4B-00C04F79EFBC}") = "EDC.DesignPatterm.Decorator", "EDC.DesignPatterm.Decorator\EDC.DesignPatterm.Decorator.csproj", "{E3E5A70E-E612-4C2F-8EF3-8092D77C1284}"
EndProject
Project("{FAE04EC0-301F-11D3-BF4B-00C04F79EFBC}") = "EDC.DesignPattern.Facade", "EDC.DesignPattern.Facade\EDC.DesignPattern.Facade.csproj", "{9CED1465-730A-4476-A74E-6B554C34F894}"
EndProject
Project("{FAE04EC0-301F-11D3-BF4B-00C04F79EFBC}") = "EDC.DesignPattern.Flyweight", "EDC.DesignPattern.Flyweight\EDC.DesignPattern.Flyweight.csproj", "{48EB2E96-7E70-49A4-9B51-81F809DBCC03}"
EndProject
Project("{FAE04EC0-301F-11D3-BF4B-00C04F79EFBC}") = "EDC.DesignPattern.Proxy", "EDC.DesignPattern.Proxy\EDC.DesignPattern.Proxy.csproj", "{4D8E3D4B-86E7-4DED-9AAE-1BE2E341CC8D}"
EndProject
Project("{FAE04EC0-301F-11D3-BF4B-00C04F79EFBC}") = "EDC.DesignPattern.Observer", "EDC.DesignPattern.Observer\EDC.DesignPattern.Observer.csproj", "{C6D19763-0207-46ED-B9AA-59C82EDC0C28}"
EndProject
Project("{FAE04EC0-301F-11D3-BF4B-00C04F79EFBC}") = "EDC.DesignPattern.Command", "EDC.DesignPattern.Command\EDC.DesignPattern.Command.csproj", "{9F6CA974-91EA-4DE1-95DB-98425261F523}"
EndProject
Project("{FAE04EC0-301F-11D3-BF4B-00C04F79EFBC}") = "EDC.DesignPattern.Interpreter", "EDC.DesignPattern.Interpreter\EDC.DesignPattern.Interpreter.csproj", "{9740746E-E4FA-4954-8A56-AB9C3E932B0D}"
EndProject
Project("{FAE04EC0-301F-11D3-BF4B-00C04F79EFBC}") = "EDC.DesignPattern.Iterator", "EDC.DesignPattern.Iterator\EDC.DesignPattern.Iterator.csproj", "{8A8C9B81-1128-45C6-B183-5DA74D768FE4}"
EndProject
Project("{FAE04EC0-301F-11D3-BF4B-00C04F79EFBC}") = "EDC.DesignPattern.TemplateMethod", "EDC.DesignPattern.TemplateMethod\EDC.DesignPattern.TemplateMethod.csproj", "{FF989778-A40F-40C9-8C95-6F8AE2028341}"
EndProject
Project("{FAE04EC0-301F-11D3-BF4B-00C04F79EFBC}") = "EDC.DesignPattern.Mediator", "EDC.DesignPattern.Mediator\EDC.DesignPattern.Mediator.csproj", "{0FBAED0C-A733-402E-B85B-DE92CF0AFEBE}"
EndProject
Project("{FAE04EC0-301F-11D3-BF4B-00C04F79EFBC}") = "EDC.DesignPattern.Memento", "EDC.DesignPattern.Memento\EDC.DesignPattern.Memento.csproj", "{6945631E-5A7B-4F6D-8C8B-F41DCEF29DD9}"
EndProject
Project("{FAE04EC0-301F-11D3-BF4B-00C04F79EFBC}") = "EDC.DesignPattern.Strategy", "EDC.DesignPattern.Strategy\EDC.DesignPattern.Strategy.csproj", "{07CD6CFC-E324-4C06-BC3B-EFD16877CACF}"
EndProject
Project("{FAE04EC0-301F-11D3-BF4B-00C04F79EFBC}") = "EDC.DesignPattern.Visitor", "EDC.DesignPattern.Visitor\EDC.DesignPattern.Visitor.csproj", "{3209FAD8-60BF-4644-AD16-8364B61BDCFE}"
EndProject
Global
	GlobalSection(SolutionConfigurationPlatforms) = preSolution
		Debug|Any CPU = Debug|Any CPU
		Release|Any CPU = Release|Any CPU
	EndGlobalSection
	GlobalSection(ProjectConfigurationPlatforms) = postSolution
		{6952EC7B-598F-4F3B-86A7-DD7955DFA503}.Debug|Any CPU.ActiveCfg = Debug|Any CPU
		{6952EC7B-598F-4F3B-86A7-DD7955DFA503}.Debug|Any CPU.Build.0 = Debug|Any CPU
		{6952EC7B-598F-4F3B-86A7-DD7955DFA503}.Release|Any CPU.ActiveCfg = Release|Any CPU
		{6952EC7B-598F-4F3B-86A7-DD7955DFA503}.Release|Any CPU.Build.0 = Release|Any CPU
		{4D75C9CA-3513-447F-8686-D2FBC00E212F}.Debug|Any CPU.ActiveCfg = Debug|Any CPU
		{4D75C9CA-3513-447F-8686-D2FBC00E212F}.Debug|Any CPU.Build.0 = Debug|Any CPU
		{4D75C9CA-3513-447F-8686-D2FBC00E212F}.Release|Any CPU.ActiveCfg = Release|Any CPU
		{4D75C9CA-3513-447F-8686-D2FBC00E212F}.Release|Any CPU.Build.0 = Release|Any CPU
		{CEDF3F69-12FC-428D-82AB-3E67E0F8DDF7}.Debug|Any CPU.ActiveCfg = Debug|Any CPU
		{CEDF3F69-12FC-428D-82AB-3E67E0F8DDF7}.Debug|Any CPU.Build.0 = Debug|Any CPU
		{CEDF3F69-12FC-428D-82AB-3E67E0F8DDF7}.Release|Any CPU.ActiveCfg = Release|Any CPU
		{CEDF3F69-12FC-428D-82AB-3E67E0F8DDF7}.Release|Any CPU.Build.0 = Release|Any CPU
		{13BF0335-5802-44B9-87E1-1780E7585BED}.Debug|Any CPU.ActiveCfg = Debug|Any CPU
		{13BF0335-5802-44B9-87E1-1780E7585BED}.Debug|Any CPU.Build.0 = Debug|Any CPU
		{13BF0335-5802-44B9-87E1-1780E7585BED}.Release|Any CPU.ActiveCfg = Release|Any CPU
		{13BF0335-5802-44B9-87E1-1780E7585BED}.Release|Any CPU.Build.0 = Release|Any CPU
		{C58CA655-ECE9-43EF-B283-74020830C691}.Debug|Any CPU.ActiveCfg = Debug|Any CPU
		{C58CA655-ECE9-43EF-B283-74020830C691}.Debug|Any CPU.Build.0 = Debug|Any CPU
		{C58CA655-ECE9-43EF-B283-74020830C691}.Release|Any CPU.ActiveCfg = Release|Any CPU
		{C58CA655-ECE9-43EF-B283-74020830C691}.Release|Any CPU.Build.0 = Release|Any CPU
		{27CD2FAC-453C-42AD-8917-41EE3A2C7C4C}.Debug|Any CPU.ActiveCfg = Debug|Any CPU
		{27CD2FAC-453C-42AD-8917-41EE3A2C7C4C}.Debug|Any CPU.Build.0 = Debug|Any CPU
		{27CD2FAC-453C-42AD-8917-41EE3A2C7C4C}.Release|Any CPU.ActiveCfg = Release|Any CPU
		{27CD2FAC-453C-42AD-8917-41EE3A2C7C4C}.Release|Any CPU.Build.0 = Release|Any CPU
		{0D7C66BA-A283-462F-8CD0-605A1401EA28}.Debug|Any CPU.ActiveCfg = Debug|Any CPU
		{0D7C66BA-A283-462F-8CD0-605A1401EA28}.Debug|Any CPU.Build.0 = Debug|Any CPU
		{0D7C66BA-A283-462F-8CD0-605A1401EA28}.Release|Any CPU.ActiveCfg = Release|Any CPU
		{0D7C66BA-A283-462F-8CD0-605A1401EA28}.Release|Any CPU.Build.0 = Release|Any CPU
		{464F6DC5-4119-449E-AFC8-AD32C19599B0}.Debug|Any CPU.ActiveCfg = Debug|Any CPU
		{464F6DC5-4119-449E-AFC8-AD32C19599B0}.Debug|Any CPU.Build.0 = Debug|Any CPU
		{464F6DC5-4119-449E-AFC8-AD32C19599B0}.Release|Any CPU.ActiveCfg = Release|Any CPU
		{464F6DC5-4119-449E-AFC8-AD32C19599B0}.Release|Any CPU.Build.0 = Release|Any CPU
		{00415199-8CFC-40D2-BD2B-F6A20AE95AA3}.Debug|Any CPU.ActiveCfg = Debug|Any CPU
		{00415199-8CFC-40D2-BD2B-F6A20AE95AA3}.Debug|Any CPU.Build.0 = Debug|Any CPU
		{00415199-8CFC-40D2-BD2B-F6A20AE95AA3}.Release|Any CPU.ActiveCfg = Release|Any CPU
		{00415199-8CFC-40D2-BD2B-F6A20AE95AA3}.Release|Any CPU.Build.0 = Release|Any CPU
		{836EF3A0-4031-4E50-A090-18223D7CC64F}.Debug|Any CPU.ActiveCfg = Debug|Any CPU
		{836EF3A0-4031-4E50-A090-18223D7CC64F}.Debug|Any CPU.Build.0 = Debug|Any CPU
		{836EF3A0-4031-4E50-A090-18223D7CC64F}.Release|Any CPU.ActiveCfg = Release|Any CPU
		{836EF3A0-4031-4E50-A090-18223D7CC64F}.Release|Any CPU.Build.0 = Release|Any CPU
		{E3E5A70E-E612-4C2F-8EF3-8092D77C1284}.Debug|Any CPU.ActiveCfg = Debug|Any CPU
		{E3E5A70E-E612-4C2F-8EF3-8092D77C1284}.Debug|Any CPU.Build.0 = Debug|Any CPU
		{E3E5A70E-E612-4C2F-8EF3-8092D77C1284}.Release|Any CPU.ActiveCfg = Release|Any CPU
		{E3E5A70E-E612-4C2F-8EF3-8092D77C1284}.Release|Any CPU.Build.0 = Release|Any CPU
		{9CED1465-730A-4476-A74E-6B554C34F894}.Debug|Any CPU.ActiveCfg = Debug|Any CPU
		{9CED1465-730A-4476-A74E-6B554C34F894}.Debug|Any CPU.Build.0 = Debug|Any CPU
		{9CED1465-730A-4476-A74E-6B554C34F894}.Release|Any CPU.ActiveCfg = Release|Any CPU
		{9CED1465-730A-4476-A74E-6B554C34F894}.Release|Any CPU.Build.0 = Release|Any CPU
		{48EB2E96-7E70-49A4-9B51-81F809DBCC03}.Debug|Any CPU.ActiveCfg = Debug|Any CPU
		{48EB2E96-7E70-49A4-9B51-81F809DBCC03}.Debug|Any CPU.Build.0 = Debug|Any CPU
		{48EB2E96-7E70-49A4-9B51-81F809DBCC03}.Release|Any CPU.ActiveCfg = Release|Any CPU
		{48EB2E96-7E70-49A4-9B51-81F809DBCC03}.Release|Any CPU.Build.0 = Release|Any CPU
		{4D8E3D4B-86E7-4DED-9AAE-1BE2E341CC8D}.Debug|Any CPU.ActiveCfg = Debug|Any CPU
		{4D8E3D4B-86E7-4DED-9AAE-1BE2E341CC8D}.Debug|Any CPU.Build.0 = Debug|Any CPU
		{4D8E3D4B-86E7-4DED-9AAE-1BE2E341CC8D}.Release|Any CPU.ActiveCfg = Release|Any CPU
		{4D8E3D4B-86E7-4DED-9AAE-1BE2E341CC8D}.Release|Any CPU.Build.0 = Release|Any CPU
		{C6D19763-0207-46ED-B9AA-59C82EDC0C28}.Debug|Any CPU.ActiveCfg = Debug|Any CPU
		{C6D19763-0207-46ED-B9AA-59C82EDC0C28}.Debug|Any CPU.Build.0 = Debug|Any CPU
		{C6D19763-0207-46ED-B9AA-59C82EDC0C28}.Release|Any CPU.ActiveCfg = Release|Any CPU
		{C6D19763-0207-46ED-B9AA-59C82EDC0C28}.Release|Any CPU.Build.0 = Release|Any CPU
		{9F6CA974-91EA-4DE1-95DB-98425261F523}.Debug|Any CPU.ActiveCfg = Debug|Any CPU
		{9F6CA974-91EA-4DE1-95DB-98425261F523}.Debug|Any CPU.Build.0 = Debug|Any CPU
		{9F6CA974-91EA-4DE1-95DB-98425261F523}.Release|Any CPU.ActiveCfg = Release|Any CPU
		{9F6CA974-91EA-4DE1-95DB-98425261F523}.Release|Any CPU.Build.0 = Release|Any CPU
		{9740746E-E4FA-4954-8A56-AB9C3E932B0D}.Debug|Any CPU.ActiveCfg = Debug|Any CPU
		{9740746E-E4FA-4954-8A56-AB9C3E932B0D}.Debug|Any CPU.Build.0 = Debug|Any CPU
		{9740746E-E4FA-4954-8A56-AB9C3E932B0D}.Release|Any CPU.ActiveCfg = Release|Any CPU
		{9740746E-E4FA-4954-8A56-AB9C3E932B0D}.Release|Any CPU.Build.0 = Release|Any CPU
		{8A8C9B81-1128-45C6-B183-5DA74D768FE4}.Debug|Any CPU.ActiveCfg = Debug|Any CPU
		{8A8C9B81-1128-45C6-B183-5DA74D768FE4}.Debug|Any CPU.Build.0 = Debug|Any CPU
		{8A8C9B81-1128-45C6-B183-5DA74D768FE4}.Release|Any CPU.ActiveCfg = Release|Any CPU
		{8A8C9B81-1128-45C6-B183-5DA74D768FE4}.Release|Any CPU.Build.0 = Release|Any CPU
		{FF989778-A40F-40C9-8C95-6F8AE2028341}.Debug|Any CPU.ActiveCfg = Debug|Any CPU
		{FF989778-A40F-40C9-8C95-6F8AE2028341}.Debug|Any CPU.Build.0 = Debug|Any CPU
		{FF989778-A40F-40C9-8C95-6F8AE2028341}.Release|Any CPU.ActiveCfg = Release|Any CPU
		{FF989778-A40F-40C9-8C95-6F8AE2028341}.Release|Any CPU.Build.0 = Release|Any CPU
		{0FBAED0C-A733-402E-B85B-DE92CF0AFEBE}.Debug|Any CPU.ActiveCfg = Debug|Any CPU
		{0FBAED0C-A733-402E-B85B-DE92CF0AFEBE}.Debug|Any CPU.Build.0 = Debug|Any CPU
		{0FBAED0C-A733-402E-B85B-DE92CF0AFEBE}.Release|Any CPU.ActiveCfg = Release|Any CPU
		{0FBAED0C-A733-402E-B85B-DE92CF0AFEBE}.Release|Any CPU.Build.0 = Release|Any CPU
		{6945631E-5A7B-4F6D-8C8B-F41DCEF29DD9}.Debug|Any CPU.ActiveCfg = Debug|Any CPU
		{6945631E-5A7B-4F6D-8C8B-F41DCEF29DD9}.Debug|Any CPU.Build.0 = Debug|Any CPU
		{6945631E-5A7B-4F6D-8C8B-F41DCEF29DD9}.Release|Any CPU.ActiveCfg = Release|Any CPU
		{6945631E-5A7B-4F6D-8C8B-F41DCEF29DD9}.Release|Any CPU.Build.0 = Release|Any CPU
		{07CD6CFC-E324-4C06-BC3B-EFD16877CACF}.Debug|Any CPU.ActiveCfg = Debug|Any CPU
		{07CD6CFC-E324-4C06-BC3B-EFD16877CACF}.Debug|Any CPU.Build.0 = Debug|Any CPU
		{07CD6CFC-E324-4C06-BC3B-EFD16877CACF}.Release|Any CPU.ActiveCfg = Release|Any CPU
		{07CD6CFC-E324-4C06-BC3B-EFD16877CACF}.Release|Any CPU.Build.0 = Release|Any CPU
		{3209FAD8-60BF-4644-AD16-8364B61BDCFE}.Debug|Any CPU.ActiveCfg = Debug|Any CPU
		{3209FAD8-60BF-4644-AD16-8364B61BDCFE}.Debug|Any CPU.Build.0 = Debug|Any CPU
		{3209FAD8-60BF-4644-AD16-8364B61BDCFE}.Release|Any CPU.ActiveCfg = Release|Any CPU
		{3209FAD8-60BF-4644-AD16-8364B61BDCFE}.Release|Any CPU.Build.0 = Release|Any CPU
	EndGlobalSection
	GlobalSection(SolutionProperties) = preSolution
		HideSolutionNode = FALSE
	EndGlobalSection
	GlobalSection(NestedProjects) = preSolution
		{6952EC7B-598F-4F3B-86A7-DD7955DFA503} = {DB03D451-F9C1-4D58-9363-079772FC7679}
		{4D75C9CA-3513-447F-8686-D2FBC00E212F} = {DB03D451-F9C1-4D58-9363-079772FC7679}
		{CEDF3F69-12FC-428D-82AB-3E67E0F8DDF7} = {DB03D451-F9C1-4D58-9363-079772FC7679}
		{13BF0335-5802-44B9-87E1-1780E7585BED} = {DB03D451-F9C1-4D58-9363-079772FC7679}
		{C58CA655-ECE9-43EF-B283-74020830C691} = {DB03D451-F9C1-4D58-9363-079772FC7679}
		{27CD2FAC-453C-42AD-8917-41EE3A2C7C4C} = {DB03D451-F9C1-4D58-9363-079772FC7679}
		{0D7C66BA-A283-462F-8CD0-605A1401EA28} = {192DD524-99CA-4D70-8281-309CE1459F81}
		{464F6DC5-4119-449E-AFC8-AD32C19599B0} = {192DD524-99CA-4D70-8281-309CE1459F81}
		{00415199-8CFC-40D2-BD2B-F6A20AE95AA3} = {192DD524-99CA-4D70-8281-309CE1459F81}
		{836EF3A0-4031-4E50-A090-18223D7CC64F} = {D501C070-E714-4EC8-9F16-9D717C7464B4}
		{E3E5A70E-E612-4C2F-8EF3-8092D77C1284} = {192DD524-99CA-4D70-8281-309CE1459F81}
		{9CED1465-730A-4476-A74E-6B554C34F894} = {192DD524-99CA-4D70-8281-309CE1459F81}
		{48EB2E96-7E70-49A4-9B51-81F809DBCC03} = {192DD524-99CA-4D70-8281-309CE1459F81}
		{4D8E3D4B-86E7-4DED-9AAE-1BE2E341CC8D} = {192DD524-99CA-4D70-8281-309CE1459F81}
		{C6D19763-0207-46ED-B9AA-59C82EDC0C28} = {D501C070-E714-4EC8-9F16-9D717C7464B4}
		{9F6CA974-91EA-4DE1-95DB-98425261F523} = {D501C070-E714-4EC8-9F16-9D717C7464B4}
		{9740746E-E4FA-4954-8A56-AB9C3E932B0D} = {D501C070-E714-4EC8-9F16-9D717C7464B4}
		{8A8C9B81-1128-45C6-B183-5DA74D768FE4} = {D501C070-E714-4EC8-9F16-9D717C7464B4}
		{FF989778-A40F-40C9-8C95-6F8AE2028341} = {D501C070-E714-4EC8-9F16-9D717C7464B4}
		{0FBAED0C-A733-402E-B85B-DE92CF0AFEBE} = {D501C070-E714-4EC8-9F16-9D717C7464B4}
		{6945631E-5A7B-4F6D-8C8B-F41DCEF29DD9} = {D501C070-E714-4EC8-9F16-9D717C7464B4}
		{07CD6CFC-E324-4C06-BC3B-EFD16877CACF} = {D501C070-E714-4EC8-9F16-9D717C7464B4}
		{3209FAD8-60BF-4644-AD16-8364B61BDCFE} = {D501C070-E714-4EC8-9F16-9D717C7464B4}
	EndGlobalSection
EndGlobal
